// !$*UTF8*$!
{
	archiveVersion = 1;
	classes = {
	};
	objectVersion = 46;
	objects = {

/* Begin PBXBuildFile section */
		0201A4A016731E2400C25A92 /* UIKit.framework in Frameworks */ = {isa = PBXBuildFile; fileRef = 0201A49F16731E2400C25A92 /* UIKit.framework */; };
		0201A4A216731E2400C25A92 /* Foundation.framework in Frameworks */ = {isa = PBXBuildFile; fileRef = 0201A4A116731E2400C25A92 /* Foundation.framework */; };
		0201A4A416731E2400C25A92 /* CoreGraphics.framework in Frameworks */ = {isa = PBXBuildFile; fileRef = 0201A4A316731E2400C25A92 /* CoreGraphics.framework */; };
		0201A4AA16731E2400C25A92 /* InfoPlist.strings in Resources */ = {isa = PBXBuildFile; fileRef = 0201A4A816731E2400C25A92 /* InfoPlist.strings */; };
		0201A4AC16731E2400C25A92 /* main.m in Sources */ = {isa = PBXBuildFile; fileRef = 0201A4AB16731E2400C25A92 /* main.m */; };
		0201A4B016731E2400C25A92 /* DMAppDelegate.m in Sources */ = {isa = PBXBuildFile; fileRef = 0201A4AF16731E2400C25A92 /* DMAppDelegate.m */; };
		0201A4B216731E2400C25A92 /* Default.png in Resources */ = {isa = PBXBuildFile; fileRef = 0201A4B116731E2400C25A92 /* Default.png */; };
		0201A4B416731E2400C25A92 /* Default@2x.png in Resources */ = {isa = PBXBuildFile; fileRef = 0201A4B316731E2400C25A92 /* Default@2x.png */; };
		0201A4B616731E2400C25A92 /* Default-568h@2x.png in Resources */ = {isa = PBXBuildFile; fileRef = 0201A4B516731E2400C25A92 /* Default-568h@2x.png */; };
		0201A4B916731E2400C25A92 /* MainStoryboard.storyboard in Resources */ = {isa = PBXBuildFile; fileRef = 0201A4B716731E2400C25A92 /* MainStoryboard.storyboard */; };
		0201A4C7167325F600C25A92 /* MyTaskViewController.m in Sources */ = {isa = PBXBuildFile; fileRef = 0201A4C6167325F600C25A92 /* MyTaskViewController.m */; };
		0201A4CA1673261300C25A92 /* FinishTaskViewController.m in Sources */ = {isa = PBXBuildFile; fileRef = 0201A4C91673261300C25A92 /* FinishTaskViewController.m */; };
		0201A4CD167330B100C25A92 /* AddTaskViewController.m in Sources */ = {isa = PBXBuildFile; fileRef = 0201A4CC167330B100C25A92 /* AddTaskViewController.m */; };
/* End PBXBuildFile section */

/* Begin PBXFileReference section */
		0201A49B16731E2400C25A92 /* myTodo.app */ = {isa = PBXFileReference; explicitFileType = wrapper.application; includeInIndex = 0; path = myTodo.app; sourceTree = BUILT_PRODUCTS_DIR; };
		0201A49F16731E2400C25A92 /* UIKit.framework */ = {isa = PBXFileReference; lastKnownFileType = wrapper.framework; name = UIKit.framework; path = System/Library/Frameworks/UIKit.framework; sourceTree = SDKROOT; };
		0201A4A116731E2400C25A92 /* Foundation.framework */ = {isa = PBXFileReference; lastKnownFileType = wrapper.framework; name = Foundation.framework; path = System/Library/Frameworks/Foundation.framework; sourceTree = SDKROOT; };
		0201A4A316731E2400C25A92 /* CoreGraphics.framework */ = {isa = PBXFileReference; lastKnownFileType = wrapper.framework; name = CoreGraphics.framework; path = System/Library/Frameworks/CoreGraphics.framework; sourceTree = SDKROOT; };
		0201A4A716731E2400C25A92 /* myTodo-Info.plist */ = {isa = PBXFileReference; lastKnownFileType = text.plist.xml; path = "myTodo-Info.plist"; sourceTree = "<group>"; };
		0201A4A916731E2400C25A92 /* en */ = {isa = PBXFileReference; lastKnownFileType = text.plist.strings; name = en; path = en.lproj/InfoPlist.strings; sourceTree = "<group>"; };
		0201A4AB16731E2400C25A92 /* main.m */ = {isa = PBXFileReference; lastKnownFileType = sourcecode.c.objc; path = main.m; sourceTree = "<group>"; };
		0201A4AD16731E2400C25A92 /* myTodo-Prefix.pch */ = {isa = PBXFileReference; lastKnownFileType = sourcecode.c.h; path = "myTodo-Prefix.pch"; sourceTree = "<group>"; };
		0201A4AE16731E2400C25A92 /* DMAppDelegate.h */ = {isa = PBXFileReference; lastKnownFileType = sourcecode.c.h; path = DMAppDelegate.h; sourceTree = "<group>"; };
		0201A4AF16731E2400C25A92 /* DMAppDelegate.m */ = {isa = PBXFileReference; lastKnownFileType = sourcecode.c.objc; path = DMAppDelegate.m; sourceTree = "<group>"; };
		0201A4B116731E2400C25A92 /* Default.png */ = {isa = PBXFileReference; lastKnownFileType = image.png; path = Default.png; sourceTree = "<group>"; };
		0201A4B316731E2400C25A92 /* Default@2x.png */ = {isa = PBXFileReference; lastKnownFileType = image.png; path = "Default@2x.png"; sourceTree = "<group>"; };
		0201A4B516731E2400C25A92 /* Default-568h@2x.png */ = {isa = PBXFileReference; lastKnownFileType = image.png; path = "Default-568h@2x.png"; sourceTree = "<group>"; };
		0201A4B816731E2400C25A92 /* en */ = {isa = PBXFileReference; lastKnownFileType = file.storyboard; name = en; path = en.lproj/MainStoryboard.storyboard; sourceTree = "<group>"; };
		0201A4C5167325F600C25A92 /* MyTaskViewController.h */ = {isa = PBXFileReference; fileEncoding = 4; lastKnownFileType = sourcecode.c.h; path = MyTaskViewController.h; sourceTree = "<group>"; };
		0201A4C6167325F600C25A92 /* MyTaskViewController.m */ = {isa = PBXFileReference; fileEncoding = 4; lastKnownFileType = sourcecode.c.objc; path = MyTaskViewController.m; sourceTree = "<group>"; };
		0201A4C81673261300C25A92 /* FinishTaskViewController.h */ = {isa = PBXFileReference; fileEncoding = 4; lastKnownFileType = sourcecode.c.h; path = FinishTaskViewController.h; sourceTree = "<group>"; };
		0201A4C91673261300C25A92 /* FinishTaskViewController.m */ = {isa = PBXFileReference; fileEncoding = 4; lastKnownFileType = sourcecode.c.objc; path = FinishTaskViewController.m; sourceTree = "<group>"; };
		0201A4CB167330B100C25A92 /* AddTaskViewController.h */ = {isa = PBXFileReference; fileEncoding = 4; lastKnownFileType = sourcecode.c.h; path = AddTaskViewController.h; sourceTree = "<group>"; };
		0201A4CC167330B100C25A92 /* AddTaskViewController.m */ = {isa = PBXFileReference; fileEncoding = 4; lastKnownFileType = sourcecode.c.objc; path = AddTaskViewController.m; sourceTree = "<group>"; };
/* End PBXFileReference section */

/* Begin PBXFrameworksBuildPhase section */
		0201A49816731E2400C25A92 /* Frameworks */ = {
			isa = PBXFrameworksBuildPhase;
			buildActionMask = 2147483647;
			files = (
				0201A4A016731E2400C25A92 /* UIKit.framework in Frameworks */,
				0201A4A216731E2400C25A92 /* Foundation.framework in Frameworks */,
				0201A4A416731E2400C25A92 /* CoreGraphics.framework in Frameworks */,
			);
			runOnlyForDeploymentPostprocessing = 0;
		};
/* End PBXFrameworksBuildPhase section */

/* Begin PBXGroup section */
		0201A49016731E2400C25A92 = {
			isa = PBXGroup;
			children = (
				0201A4A516731E2400C25A92 /* myTodo */,
				0201A49E16731E2400C25A92 /* Frameworks */,
				0201A49C16731E2400C25A92 /* Products */,
			);
			sourceTree = "<group>";
		};
		0201A49C16731E2400C25A92 /* Products */ = {
			isa = PBXGroup;
			children = (
				0201A49B16731E2400C25A92 /* myTodo.app */,
			);
			name = Products;
			sourceTree = "<group>";
		};
		0201A49E16731E2400C25A92 /* Frameworks */ = {
			isa = PBXGroup;
			children = (
				0201A49F16731E2400C25A92 /* UIKit.framework */,
				0201A4A116731E2400C25A92 /* Foundation.framework */,
				0201A4A316731E2400C25A92 /* CoreGraphics.framework */,
			);
			name = Frameworks;
			sourceTree = "<group>";
		};
		0201A4A516731E2400C25A92 /* myTodo */ = {
			isa = PBXGroup;
			children = (
				0201A4AE16731E2400C25A92 /* DMAppDelegate.h */,
				0201A4AF16731E2400C25A92 /* DMAppDelegate.m */,
				0201A4B716731E2400C25A92 /* MainStoryboard.storyboard */,
				0201A4C5167325F600C25A92 /* MyTaskViewController.h */,
				0201A4C6167325F600C25A92 /* MyTaskViewController.m */,
				0201A4C81673261300C25A92 /* FinishTaskViewController.h */,
				0201A4C91673261300C25A92 /* FinishTaskViewController.m */,
				0201A4CB167330B100C25A92 /* AddTaskViewController.h */,
				0201A4CC167330B100C25A92 /* AddTaskViewController.m */,
				0201A4A616731E2400C25A92 /* Supporting Files */,
			);
			path = myTodo;
			sourceTree = "<group>";
		};
		0201A4A616731E2400C25A92 /* Supporting Files */ = {
			isa = PBXGroup;
			children = (
				0201A4A716731E2400C25A92 /* myTodo-Info.plist */,
				0201A4A816731E2400C25A92 /* InfoPlist.strings */,
				0201A4AB16731E2400C25A92 /* main.m */,
				0201A4AD16731E2400C25A92 /* myTodo-Prefix.pch */,
				0201A4B116731E2400C25A92 /* Default.png */,
				0201A4B316731E2400C25A92 /* Default@2x.png */,
				0201A4B516731E2400C25A92 /* Default-568h@2x.png */,
			);
			name = "Supporting Files";
			sourceTree = "<group>";
		};
/* End PBXGroup section */

/* Begin PBXNativeTarget section */
		0201A49A16731E2400C25A92 /* myTodo */ = {
			isa = PBXNativeTarget;
			buildConfigurationList = 0201A4BF16731E2400C25A92 /* Build configuration list for PBXNativeTarget "myTodo" */;
			buildPhases = (
				0201A49716731E2400C25A92 /* Sources */,
				0201A49816731E2400C25A92 /* Frameworks */,
				0201A49916731E2400C25A92 /* Resources */,
			);
			buildRules = (
			);
			dependencies = (
			);
			name = myTodo;
			productName = myTodo;
			productReference = 0201A49B16731E2400C25A92 /* myTodo.app */;
			productType = "com.apple.product-type.application";
		};
/* End PBXNativeTarget section */

/* Begin PBXProject section */
		0201A49216731E2400C25A92 /* Project object */ = {
			isa = PBXProject;
			attributes = {
				CLASSPREFIX = DM;
				LastUpgradeCheck = 0450;
				ORGANIZATIONNAME = devmuncher;
			};
			buildConfigurationList = 0201A49516731E2400C25A92 /* Build configuration list for PBXProject "myTodo" */;
			compatibilityVersion = "Xcode 3.2";
			developmentRegion = English;
			hasScannedForEncodings = 0;
			knownRegions = (
				en,
			);
			mainGroup = 0201A49016731E2400C25A92;
			productRefGroup = 0201A49C16731E2400C25A92 /* Products */;
			projectDirPath = "";
			projectRoot = "";
			targets = (
				0201A49A16731E2400C25A92 /* myTodo */,
			);
		};
/* End PBXProject section */

/* Begin PBXResourcesBuildPhase section */
		0201A49916731E2400C25A92 /* Resources */ = {
			isa = PBXResourcesBuildPhase;
			buildActionMask = 2147483647;
			files = (
				0201A4AA16731E2400C25A92 /* InfoPlist.strings in Resources */,
				0201A4B216731E2400C25A92 /* Default.png in Resources */,
				0201A4B416731E2400C25A92 /* Default@2x.png in Resources */,
				0201A4B616731E2400C25A92 /* Default-568h@2x.png in Resources */,
				0201A4B916731E2400C25A92 /* MainStoryboard.storyboard in Resources */,
			);
			runOnlyForDeploymentPostprocessing = 0;
		};
/* End PBXResourcesBuildPhase section */

/* Begin PBXSourcesBuildPhase section */
		0201A49716731E2400C25A92 /* Sources */ = {
			isa = PBXSourcesBuildPhase;
			buildActionMask = 2147483647;
			files = (
				0201A4AC16731E2400C25A92 /* main.m in Sources */,
				0201A4B016731E2400C25A92 /* DMAppDelegate.m in Sources */,
				0201A4C7167325F600C25A92 /* MyTaskViewController.m in Sources */,
				0201A4CA1673261300C25A92 /* FinishTaskViewController.m in Sources */,
				0201A4CD167330B100C25A92 /* AddTaskViewController.m in Sources */,
			);
			runOnlyForDeploymentPostprocessing = 0;
		};
/* End PBXSourcesBuildPhase section */

/* Begin PBXVariantGroup section */
		0201A4A816731E2400C25A92 /* InfoPlist.strings */ = {
			isa = PBXVariantGroup;
			children = (
				0201A4A916731E2400C25A92 /* en */,
			);
			name = InfoPlist.strings;
			sourceTree = "<group>";
		};
		0201A4B716731E2400C25A92 /* MainStoryboard.storyboard */ = {
			isa = PBXVariantGroup;
			children = (
				0201A4B816731E2400C25A92 /* en */,
			);
			name = MainStoryboard.storyboard;
			sourceTree = "<group>";
		};
/* End PBXVariantGroup section */

/* Begin XCBuildConfiguration section */
		0201A4BD16731E2400C25A92 /* Debug */ = {
			isa = XCBuildConfiguration;
			buildSettings = {
				ALWAYS_SEARCH_USER_PATHS = NO;
				CLANG_CXX_LANGUAGE_STANDARD = "gnu++0x";
				CLANG_CXX_LIBRARY = "libc++";
				CLANG_ENABLE_OBJC_ARC = YES;
				CLANG_WARN_EMPTY_BODY = YES;
				CLANG_WARN__DUPLICATE_METHOD_MATCH = YES;
				"CODE_SIGN_IDENTITY[sdk=iphoneos*]" = "iPhone Developer";
				COPY_PHASE_STRIP = NO;
				GCC_C_LANGUAGE_STANDARD = gnu99;
				GCC_DYNAMIC_NO_PIC = NO;
				GCC_OPTIMIZATION_LEVEL = 0;
				GCC_PREPROCESSOR_DEFINITIONS = (
					"DEBUG=1",
					"$(inherited)",
				);
				GCC_SYMBOLS_PRIVATE_EXTERN = NO;
				GCC_WARN_ABOUT_RETURN_TYPE = YES;
				GCC_WARN_UNINITIALIZED_AUTOS = YES;
				GCC_WARN_UNUSED_VARIABLE = YES;
				IPHONEOS_DEPLOYMENT_TARGET = 6.0;
				ONLY_ACTIVE_ARCH = YES;
				SDKROOT = iphoneos;
			};
			name = Debug;
		};
		0201A4BE16731E2400C25A92 /* Release */ = {
			isa = XCBuildConfiguration;
			buildSettings = {
				ALWAYS_SEARCH_USER_PATHS = NO;
				CLANG_CXX_LANGUAGE_STANDARD = "gnu++0x";
				CLANG_CXX_LIBRARY = "libc++";
				CLANG_ENABLE_OBJC_ARC = YES;
				CLANG_WARN_EMPTY_BODY = YES;
				CLANG_WARN__DUPLICATE_METHOD_MATCH = YES;
				"CODE_SIGN_IDENTITY[sdk=iphoneos*]" = "iPhone Developer";
				COPY_PHASE_STRIP = YES;
				GCC_C_LANGUAGE_STANDARD = gnu99;
				GCC_WARN_ABOUT_RETURN_TYPE = YES;
				GCC_WARN_UNINITIALIZED_AUTOS = YES;
				GCC_WARN_UNUSED_VARIABLE = YES;
				IPHONEOS_DEPLOYMENT_TARGET = 6.0;
				OTHER_CFLAGS = "-DNS_BLOCK_ASSERTIONS=1";
				SDKROOT = iphoneos;
				VALIDATE_PRODUCT = YES;
			};
			name = Release;
		};
		0201A4C016731E2400C25A92 /* Debug */ = {
			isa = XCBuildConfiguration;
			buildSettings = {
				GCC_PRECOMPILE_PREFIX_HEADER = YES;
				GCC_PREFIX_HEADER = "myTodo/myTodo-Prefix.pch";
				INFOPLIST_FILE = "myTodo/myTodo-Info.plist";
				PRODUCT_NAME = "$(TARGET_NAME)";
				WRAPPER_EXTENSION = app;
			};
			name = Debug;
		};
		0201A4C116731E2400C25A92 /* Release */ = {
			isa = XCBuildConfiguration;
			buildSettings = {
				GCC_PRECOMPILE_PREFIX_HEADER = YES;
				GCC_PREFIX_HEADER = "myTodo/myTodo-Prefix.pch";
				INFOPLIST_FILE = "myTodo/myTodo-Info.plist";
				PRODUCT_NAME = "$(TARGET_NAME)";
				WRAPPER_EXTENSION = app;
			};
			name = Release;
		};
/* End XCBuildConfiguration section */

/* Begin XCConfigurationList section */
		0201A49516731E2400C25A92 /* Build configuration list for PBXProject "myTodo" */ = {
			isa = XCConfigurationList;
			buildConfigurations = (
				0201A4BD16731E2400C25A92 /* Debug */,
				0201A4BE16731E2400C25A92 /* Release */,
			);
			defaultConfigurationIsVisible = 0;
			defaultConfigurationName = Release;
		};
		0201A4BF16731E2400C25A92 /* Build configuration list for PBXNativeTarget "myTodo" */ = {
			isa = XCConfigurationList;
			buildConfigurations = (
				0201A4C016731E2400C25A92 /* Debug */,
				0201A4C116731E2400C25A92 /* Release */,
			);
			defaultConfigurationIsVisible = 0;
		};
/* End XCConfigurationList section */
	};
	rootObject = 0201A49216731E2400C25A92 /* Project object */;
}
